<Solution>
  <Folder Name="/Samples/">
    <Project Path="samples/WorkR.Samples.AzureServiceBus/WorkR.Samples.AzureServiceBus.csproj" Id="546f5666-f360-49a4-8fe4-158b5cd1c54c" />
    <Project Path="samples/WorkR.Samples.AzureStorageQueue/WorkR.Samples.AzureStorageQueue.csproj" Id="fdc0a730-3457-4955-a08f-66e5ae4e4c79" />
    <Project Path="samples/WorkR.Samples.CustomTrigger/WorkR.Samples.CustomTrigger.csproj" Id="97bc5973-5e0b-4d1a-a1ea-179f211ba4d7" />
    <Project Path="samples/WorkR.Samples.Scheduled/WorkR.Samples.Scheduled.csproj" />
  </Folder>
  <Folder Name="/Solution Items/">
    <File Path=".editorconfig" />
    <File Path="Directory.Build.props" />
    <File Path="Directory.Build.targets" />
    <File Path="LICENSE.txt" />
    <File Path="README.md" />
    <File Path="version.json" />
  </Folder>
  <Project Path="src/WorkR.Abstractions/WorkR.Abstractions.csproj" />
  <Project Path="src/WorkR.Triggers.AzureServiceBus/WorkR.Triggers.AzureServiceBus.csproj" Id="ca2fa1f5-796f-4249-a149-9dafa48b19af" />
  <Project Path="src/WorkR.Triggers.AzureStorageQueues/WorkR.Triggers.AzureStorageQueues.csproj" Id="85eebb1c-3851-4954-9711-1c5cece5af8c" />
  <Project Path="src/WorkR.Triggers.Timers/WorkR.Triggers.Timers.csproj" />
  <Project Path="src/WorkR/WorkR.csproj" />
  <Project Path="tests/WorkR.Tests/WorkR.Tests.csproj" />
  <Project Path="tests/WorkR.Triggers.AzureStorageQueues.Tests/WorkR.Triggers.AzureStorageQueues.Tests.csproj" />
  <Project Path="tests/WorkR.Triggers.Timers.Tests/WorkR.Triggers.Timers.Tests.csproj" />
</Solution>
